// !$*UTF8*$!
{
	archiveVersion = 1;
	classes = {
	};
	objectVersion = 46;
	objects = {

/* Begin PBXBuildFile section */
		8A963FC71DC7EAB9004F15B5 /* main.m in Sources */ = {isa = PBXBuildFile; fileRef = 8A963FC61DC7EAB9004F15B5 /* main.m */; };
		8A963FCA1DC7EAB9004F15B5 /* AppDelegate.m in Sources */ = {isa = PBXBuildFile; fileRef = 8A963FC91DC7EAB9004F15B5 /* AppDelegate.m */; };
		8A963FCD1DC7EAB9004F15B5 /* ViewController.m in Sources */ = {isa = PBXBuildFile; fileRef = 8A963FCC1DC7EAB9004F15B5 /* ViewController.m */; };
		8A963FD01DC7EAB9004F15B5 /* Main.storyboard in Resources */ = {isa = PBXBuildFile; fileRef = 8A963FCE1DC7EAB9004F15B5 /* Main.storyboard */; };
		8A963FD31DC7EAB9004F15B5 /* PersonTableView.xcdatamodeld in Sources */ = {isa = PBXBuildFile; fileRef = 8A963FD11DC7EAB9004F15B5 /* PersonTableView.xcdatamodeld */; };
		8A963FD51DC7EAB9004F15B5 /* Assets.xcassets in Resources */ = {isa = PBXBuildFile; fileRef = 8A963FD41DC7EAB9004F15B5 /* Assets.xcassets */; };
		8A963FD81DC7EAB9004F15B5 /* LaunchScreen.storyboard in Resources */ = {isa = PBXBuildFile; fileRef = 8A963FD61DC7EAB9004F15B5 /* LaunchScreen.storyboard */; };
		8A963FE71DC7EE04004F15B5 /* DataManager.m in Sources */ = {isa = PBXBuildFile; fileRef = 8A963FE61DC7EE04004F15B5 /* DataManager.m */; };
		8AE50B851DC8EB4F0013AF44 /* Person+CoreDataClass.m in Sources */ = {isa = PBXBuildFile; fileRef = 8AE50B821DC8EB4F0013AF44 /* Person+CoreDataClass.m */; };
		8AE50B861DC8EB4F0013AF44 /* Person+CoreDataProperties.m in Sources */ = {isa = PBXBuildFile; fileRef = 8AE50B841DC8EB4F0013AF44 /* Person+CoreDataProperties.m */; };
/* End PBXBuildFile section */

/* Begin PBXFileReference section */
		8A963FC21DC7EAB9004F15B5 /* PersonTableView.app */ = {isa = PBXFileReference; explicitFileType = wrapper.application; includeInIndex = 0; path = PersonTableView.app; sourceTree = BUILT_PRODUCTS_DIR; };
		8A963FC61DC7EAB9004F15B5 /* main.m */ = {isa = PBXFileReference; lastKnownFileType = sourcecode.c.objc; path = main.m; sourceTree = "<group>"; };
		8A963FC81DC7EAB9004F15B5 /* AppDelegate.h */ = {isa = PBXFileReference; lastKnownFileType = sourcecode.c.h; path = AppDelegate.h; sourceTree = "<group>"; };
		8A963FC91DC7EAB9004F15B5 /* AppDelegate.m */ = {isa = PBXFileReference; lastKnownFileType = sourcecode.c.objc; path = AppDelegate.m; sourceTree = "<group>"; };
		8A963FCB1DC7EAB9004F15B5 /* ViewController.h */ = {isa = PBXFileReference; lastKnownFileType = sourcecode.c.h; path = ViewController.h; sourceTree = "<group>"; };
		8A963FCC1DC7EAB9004F15B5 /* ViewController.m */ = {isa = PBXFileReference; lastKnownFileType = sourcecode.c.objc; path = ViewController.m; sourceTree = "<group>"; };
		8A963FCF1DC7EAB9004F15B5 /* Base */ = {isa = PBXFileReference; lastKnownFileType = file.storyboard; name = Base; path = Base.lproj/Main.storyboard; sourceTree = "<group>"; };
		8A963FD21DC7EAB9004F15B5 /* PersonTableView.xcdatamodel */ = {isa = PBXFileReference; lastKnownFileType = wrapper.xcdatamodel; path = PersonTableView.xcdatamodel; sourceTree = "<group>"; };
		8A963FD41DC7EAB9004F15B5 /* Assets.xcassets */ = {isa = PBXFileReference; lastKnownFileType = folder.assetcatalog; path = Assets.xcassets; sourceTree = "<group>"; };
		8A963FD71DC7EAB9004F15B5 /* Base */ = {isa = PBXFileReference; lastKnownFileType = file.storyboard; name = Base; path = Base.lproj/LaunchScreen.storyboard; sourceTree = "<group>"; };
		8A963FD91DC7EAB9004F15B5 /* Info.plist */ = {isa = PBXFileReference; lastKnownFileType = text.plist.xml; path = Info.plist; sourceTree = "<group>"; };
		8A963FE51DC7EDC4004F15B5 /* DataManager.h */ = {isa = PBXFileReference; lastKnownFileType = sourcecode.c.h; path = DataManager.h; sourceTree = "<group>"; };
		8A963FE61DC7EE04004F15B5 /* DataManager.m */ = {isa = PBXFileReference; fileEncoding = 4; lastKnownFileType = sourcecode.c.objc; path = DataManager.m; sourceTree = "<group>"; };
		8AE50B811DC8EB4F0013AF44 /* Person+CoreDataClass.h */ = {isa = PBXFileReference; fileEncoding = 4; lastKnownFileType = sourcecode.c.h; path = "Person+CoreDataClass.h"; sourceTree = "<group>"; };
		8AE50B821DC8EB4F0013AF44 /* Person+CoreDataClass.m */ = {isa = PBXFileReference; fileEncoding = 4; lastKnownFileType = sourcecode.c.objc; path = "Person+CoreDataClass.m"; sourceTree = "<group>"; };
		8AE50B831DC8EB4F0013AF44 /* Person+CoreDataProperties.h */ = {isa = PBXFileReference; fileEncoding = 4; lastKnownFileType = sourcecode.c.h; path = "Person+CoreDataProperties.h"; sourceTree = "<group>"; };
		8AE50B841DC8EB4F0013AF44 /* Person+CoreDataProperties.m */ = {isa = PBXFileReference; fileEncoding = 4; lastKnownFileType = sourcecode.c.objc; path = "Person+CoreDataProperties.m"; sourceTree = "<group>"; };
/* End PBXFileReference section */

/* Begin PBXFrameworksBuildPhase section */
		8A963FBF1DC7EAB8004F15B5 /* Frameworks */ = {
			isa = PBXFrameworksBuildPhase;
			buildActionMask = 2147483647;
			files = (
			);
			runOnlyForDeploymentPostprocessing = 0;
		};
/* End PBXFrameworksBuildPhase section */

/* Begin PBXGroup section */
		8A963FB91DC7EAB8004F15B5 = {
			isa = PBXGroup;
			children = (
				8A963FC41DC7EAB9004F15B5 /* PersonTableView */,
				8A963FC31DC7EAB9004F15B5 /* Products */,
			);
			sourceTree = "<group>";
		};
		8A963FC31DC7EAB9004F15B5 /* Products */ = {
			isa = PBXGroup;
			children = (
				8A963FC21DC7EAB9004F15B5 /* PersonTableView.app */,
			);
			name = Products;
			sourceTree = "<group>";
		};
		8A963FC41DC7EAB9004F15B5 /* PersonTableView */ = {
			isa = PBXGroup;
			children = (
				8AE50B811DC8EB4F0013AF44 /* Person+CoreDataClass.h */,
				8AE50B821DC8EB4F0013AF44 /* Person+CoreDataClass.m */,
				8AE50B831DC8EB4F0013AF44 /* Person+CoreDataProperties.h */,
				8AE50B841DC8EB4F0013AF44 /* Person+CoreDataProperties.m */,
				8A963FC81DC7EAB9004F15B5 /* AppDelegate.h */,
				8A963FC91DC7EAB9004F15B5 /* AppDelegate.m */,
				8A963FCB1DC7EAB9004F15B5 /* ViewController.h */,
				8A963FCC1DC7EAB9004F15B5 /* ViewController.m */,
				8A963FCE1DC7EAB9004F15B5 /* Main.storyboard */,
				8A963FD41DC7EAB9004F15B5 /* Assets.xcassets */,
				8A963FD61DC7EAB9004F15B5 /* LaunchScreen.storyboard */,
				8A963FD91DC7EAB9004F15B5 /* Info.plist */,
				8A963FD11DC7EAB9004F15B5 /* PersonTableView.xcdatamodeld */,
				8A963FC51DC7EAB9004F15B5 /* Supporting Files */,
				8A963FE51DC7EDC4004F15B5 /* DataManager.h */,
				8A963FE61DC7EE04004F15B5 /* DataManager.m */,
			);
			path = PersonTableView;
			sourceTree = "<group>";
		};
		8A963FC51DC7EAB9004F15B5 /* Supporting Files */ = {
			isa = PBXGroup;
			children = (
				8A963FC61DC7EAB9004F15B5 /* main.m */,
			);
			name = "Supporting Files";
			sourceTree = "<group>";
		};
/* End PBXGroup section */

/* Begin PBXNativeTarget section */
		8A963FC11DC7EAB8004F15B5 /* PersonTableView */ = {
			isa = PBXNativeTarget;
			buildConfigurationList = 8A963FDC1DC7EAB9004F15B5 /* Build configuration list for PBXNativeTarget "PersonTableView" */;
			buildPhases = (
				8A963FBE1DC7EAB8004F15B5 /* Sources */,
				8A963FBF1DC7EAB8004F15B5 /* Frameworks */,
				8A963FC01DC7EAB8004F15B5 /* Resources */,
			);
			buildRules = (
			);
			dependencies = (
			);
			name = PersonTableView;
			productName = PersonTableView;
			productReference = 8A963FC21DC7EAB9004F15B5 /* PersonTableView.app */;
			productType = "com.apple.product-type.application";
		};
/* End PBXNativeTarget section */

/* Begin PBXProject section */
		8A963FBA1DC7EAB8004F15B5 /* Project object */ = {
			isa = PBXProject;
			attributes = {
				LastUpgradeCheck = 0810;
				ORGANIZATIONNAME = GengRui;
				TargetAttributes = {
					8A963FC11DC7EAB8004F15B5 = {
						CreatedOnToolsVersion = 8.1;
						ProvisioningStyle = Automatic;
					};
				};
			};
			buildConfigurationList = 8A963FBD1DC7EAB8004F15B5 /* Build configuration list for PBXProject "PersonTableView" */;
			compatibilityVersion = "Xcode 3.2";
			developmentRegion = English;
			hasScannedForEncodings = 0;
			knownRegions = (
				en,
				Base,
			);
			mainGroup = 8A963FB91DC7EAB8004F15B5;
			productRefGroup = 8A963FC31DC7EAB9004F15B5 /* Products */;
			projectDirPath = "";
			projectRoot = "";
			targets = (
				8A963FC11DC7EAB8004F15B5 /* PersonTableView */,
			);
		};
/* End PBXProject section */

/* Begin PBXResourcesBuildPhase section */
		8A963FC01DC7EAB8004F15B5 /* Resources */ = {
			isa = PBXResourcesBuildPhase;
			buildActionMask = 2147483647;
			files = (
				8A963FD81DC7EAB9004F15B5 /* LaunchScreen.storyboard in Resources */,
				8A963FD51DC7EAB9004F15B5 /* Assets.xcassets in Resources */,
				8A963FD01DC7EAB9004F15B5 /* Main.storyboard in Resources */,
			);
			runOnlyForDeploymentPostprocessing = 0;
		};
/* End PBXResourcesBuildPhase section */

/* Begin PBXSourcesBuildPhase section */
		8A963FBE1DC7EAB8004F15B5 /* Sources */ = {
			isa = PBXSourcesBuildPhase;
			buildActionMask = 2147483647;
			files = (
				8AE50B851DC8EB4F0013AF44 /* Person+CoreDataClass.m in Sources */,
				8A963FCD1DC7EAB9004F15B5 /* ViewController.m in Sources */,
				8A963FCA1DC7EAB9004F15B5 /* AppDelegate.m in Sources */,
				8A963FE71DC7EE04004F15B5 /* DataManager.m in Sources */,
				8A963FD31DC7EAB9004F15B5 /* PersonTableView.xcdatamodeld in Sources */,
				8AE50B861DC8EB4F0013AF44 /* Person+CoreDataProperties.m in Sources */,
				8A963FC71DC7EAB9004F15B5 /* main.m in Sources */,
			);
			runOnlyForDeploymentPostprocessing = 0;
		};
/* End PBXSourcesBuildPhase section */

/* Begin PBXVariantGroup section */
		8A963FCE1DC7EAB9004F15B5 /* Main.storyboard */ = {
			isa = PBXVariantGroup;
			children = (
				8A963FCF1DC7EAB9004F15B5 /* Base */,
			);
			name = Main.storyboard;
			sourceTree = "<group>";
		};
		8A963FD61DC7EAB9004F15B5 /* LaunchScreen.storyboard */ = {
			isa = PBXVariantGroup;
			children = (
				8A963FD71DC7EAB9004F15B5 /* Base */,
			);
			name = LaunchScreen.storyboard;
			sourceTree = "<group>";
		};
/* End PBXVariantGroup section */

/* Begin XCBuildConfiguration section */
		8A963FDA1DC7EAB9004F15B5 /* Debug */ = {
			isa = XCBuildConfiguration;
			buildSettings = {
				ALWAYS_SEARCH_USER_PATHS = NO;
				CLANG_ANALYZER_NONNULL = YES;
				CLANG_CXX_LANGUAGE_STANDARD = "gnu++0x";
				CLANG_CXX_LIBRARY = "libc++";
				CLANG_ENABLE_MODULES = YES;
				CLANG_ENABLE_OBJC_ARC = YES;
				CLANG_WARN_BOOL_CONVERSION = YES;
				CLANG_WARN_CONSTANT_CONVERSION = YES;
				CLANG_WARN_DIRECT_OBJC_ISA_USAGE = YES_ERROR;
				CLANG_WARN_DOCUMENTATION_COMMENTS = YES;
				CLANG_WARN_EMPTY_BODY = YES;
				CLANG_WARN_ENUM_CONVERSION = YES;
				CLANG_WARN_INFINITE_RECURSION = YES;
				CLANG_WARN_INT_CONVERSION = YES;
				CLANG_WARN_OBJC_ROOT_CLASS = YES_ERROR;
				CLANG_WARN_SUSPICIOUS_MOVES = YES;
				CLANG_WARN_UNREACHABLE_CODE = YES;
				CLANG_WARN__DUPLICATE_METHOD_MATCH = YES;
				"CODE_SIGN_IDENTITY[sdk=iphoneos*]" = "iPhone Developer";
				COPY_PHASE_STRIP = NO;
				DEBUG_INFORMATION_FORMAT = dwarf;
				ENABLE_STRICT_OBJC_MSGSEND = YES;
				ENABLE_TESTABILITY = YES;
				GCC_C_LANGUAGE_STANDARD = gnu99;
				GCC_DYNAMIC_NO_PIC = NO;
				GCC_NO_COMMON_BLOCKS = YES;
				GCC_OPTIMIZATION_LEVEL = 0;
				GCC_PREPROCESSOR_DEFINITIONS = (
					"DEBUG=1",
					"$(inherited)",
				);
				GCC_WARN_64_TO_32_BIT_CONVERSION = YES;
				GCC_WARN_ABOUT_RETURN_TYPE = YES_ERROR;
				GCC_WARN_UNDECLARED_SELECTOR = YES;
				GCC_WARN_UNINITIALIZED_AUTOS = YES_AGGRESSIVE;
				GCC_WARN_UNUSED_FUNCTION = YES;
				GCC_WARN_UNUSED_VARIABLE = YES;
				IPHONEOS_DEPLOYMENT_TARGET = 10.1;
				MTL_ENABLE_DEBUG_INFO = YES;
				ONLY_ACTIVE_ARCH = YES;
				SDKROOT = iphoneos;
				TARGETED_DEVICE_FAMILY = "1,2";
			};
			name = Debug;
		};
		8A963FDB1DC7EAB9004F15B5 /* Release */ = {
			isa = XCBuildConfiguration;
			buildSettings = {
				ALWAYS_SEARCH_USER_PATHS = NO;
				CLANG_ANALYZER_NONNULL = YES;
				CLANG_CXX_LANGUAGE_STANDARD = "gnu++0x";
				CLANG_CXX_LIBRARY = "libc++";
				CLANG_ENABLE_MODULES = YES;
				CLANG_ENABLE_OBJC_ARC = YES;
				CLANG_WARN_BOOL_CONVERSION = YES;
				CLANG_WARN_CONSTANT_CONVERSION = YES;
				CLANG_WARN_DIRECT_OBJC_ISA_USAGE = YES_ERROR;
				CLANG_WARN_DOCUMENTATION_COMMENTS = YES;
				CLANG_WARN_EMPTY_BODY = YES;
				CLANG_WARN_ENUM_CONVERSION = YES;
				CLANG_WARN_INFINITE_RECURSION = YES;
				CLANG_WARN_INT_CONVERSION = YES;
				CLANG_WARN_OBJC_ROOT_CLASS = YES_ERROR;
				CLANG_WARN_SUSPICIOUS_MOVES = YES;
				CLANG_WARN_UNREACHABLE_CODE = YES;
				CLANG_WARN__DUPLICATE_METHOD_MATCH = YES;
				"CODE_SIGN_IDENTITY[sdk=iphoneos*]" = "iPhone Developer";
				COPY_PHASE_STRIP = NO;
				DEBUG_INFORMATION_FORMAT = "dwarf-with-dsym";
				ENABLE_NS_ASSERTIONS = NO;
				ENABLE_STRICT_OBJC_MSGSEND = YES;
				GCC_C_LANGUAGE_STANDARD = gnu99;
				GCC_NO_COMMON_BLOCKS = YES;
				GCC_WARN_64_TO_32_BIT_CONVERSION = YES;
				GCC_WARN_ABOUT_RETURN_TYPE = YES_ERROR;
				GCC_WARN_UNDECLARED_SELECTOR = YES;
				GCC_WARN_UNINITIALIZED_AUTOS = YES_AGGRESSIVE;
				GCC_WARN_UNUSED_FUNCTION = YES;
				GCC_WARN_UNUSED_VARIABLE = YES;
				IPHONEOS_DEPLOYMENT_TARGET = 10.1;
				MTL_ENABLE_DEBUG_INFO = NO;
				SDKROOT = iphoneos;
				TARGETED_DEVICE_FAMILY = "1,2";
				VALIDATE_PRODUCT = YES;
			};
			name = Release;
		};
		8A963FDD1DC7EAB9004F15B5 /* Debug */ = {
			isa = XCBuildConfiguration;
			buildSettings = {
				ASSETCATALOG_COMPILER_APPICON_NAME = AppIcon;
				INFOPLIST_FILE = PersonTableView/Info.plist;
				LD_RUNPATH_SEARCH_PATHS = "$(inherited) @executable_path/Frameworks";
				PRODUCT_BUNDLE_IDENTIFIER = GR.PersonTableView;
				PRODUCT_NAME = "$(TARGET_NAME)";
				TARGETED_DEVICE_FAMILY = 1;
			};
			name = Debug;
		};
		8A963FDE1DC7EAB9004F15B5 /* Release */ = {
			isa = XCBuildConfiguration;
			buildSettings = {
				ASSETCATALOG_COMPILER_APPICON_NAME = AppIcon;
				INFOPLIST_FILE = PersonTableView/Info.plist;
				LD_RUNPATH_SEARCH_PATHS = "$(inherited) @executable_path/Frameworks";
				PRODUCT_BUNDLE_IDENTIFIER = GR.PersonTableView;
				PRODUCT_NAME = "$(TARGET_NAME)";
				TARGETED_DEVICE_FAMILY = 1;
			};
			name = Release;
		};
/* End XCBuildConfiguration section */

/* Begin XCConfigurationList section */
		8A963FBD1DC7EAB8004F15B5 /* Build configuration list for PBXProject "PersonTableView" */ = {
			isa = XCConfigurationList;
			buildConfigurations = (
				8A963FDA1DC7EAB9004F15B5 /* Debug */,
				8A963FDB1DC7EAB9004F15B5 /* Release */,
			);
			defaultConfigurationIsVisible = 0;
			defaultConfigurationName = Release;
		};
		8A963FDC1DC7EAB9004F15B5 /* Build configuration list for PBXNativeTarget "PersonTableView" */ = {
			isa = XCConfigurationList;
			buildConfigurations = (
				8A963FDD1DC7EAB9004F15B5 /* Debug */,
				8A963FDE1DC7EAB9004F15B5 /* Release */,
			);
			defaultConfigurationIsVisible = 0;
			defaultConfigurationName = Release;
		};
/* End XCConfigurationList section */

/* Begin XCVersionGroup section */
		8A963FD11DC7EAB9004F15B5 /* PersonTableView.xcdatamodeld */ = {
			isa = XCVersionGroup;
			children = (
				8A963FD21DC7EAB9004F15B5 /* PersonTableView.xcdatamodel */,
			);
			currentVersion = 8A963FD21DC7EAB9004F15B5 /* PersonTableView.xcdatamodel */;
			path = PersonTableView.xcdatamodeld;
			sourceTree = "<group>";
			versionGroupType = wrapper.xcdatamodel;
		};
/* End XCVersionGroup section */
	};
	rootObject = 8A963FBA1DC7EAB8004F15B5 /* Project object */;
}
